
Microsoft Visual Studio Solution File, Format Version 12.00
# Visual Studio 15
VisualStudioVersion = 15.0.28307.421
MinimumVisualStudioVersion = 10.0.40219.1
Project("{FAE04EC0-301F-11D3-BF4B-00C04F79EFBC}") = "Spyro.AzureMediaServicesTools.SdkV3", "Spyro.AzureMediaServicesTools.SdkV3\Spyro.AzureMediaServicesTools.SdkV3.csproj", "{3B510238-5A00-4E76-AB25-D9D670F2BABE}"
EndProject
Global
	GlobalSection(SolutionConfigurationPlatforms) = preSolution
		Debug|Any CPU = Debug|Any CPU
		Release|Any CPU = Release|Any CPU
	EndGlobalSection
	GlobalSection(ProjectConfigurationPlatforms) = postSolution
		{3B510238-5A00-4E76-AB25-D9D670F2BABE}.Debug|Any CPU.ActiveCfg = Debug|Any CPU
		{3B510238-5A00-4E76-AB25-D9D670F2BABE}.Debug|Any CPU.Build.0 = Debug|Any CPU
		{3B510238-5A00-4E76-AB25-D9D670F2BABE}.Release|Any CPU.ActiveCfg = Release|Any CPU
		{3B510238-5A00-4E76-AB25-D9D670F2BABE}.Release|Any CPU.Build.0 = Release|Any CPU
	EndGlobalSection
	GlobalSection(SolutionProperties) = preSolution
		HideSolutionNode = FALSE
	EndGlobalSection
	GlobalSection(ExtensibilityGlobals) = postSolution
		SolutionGuid = {43932843-D896-46A6-AB01-4CEB3D71A591}
	EndGlobalSection
EndGlobal
